
Microsoft Visual Studio Solution File, Format Version 12.00
# Visual Studio Version 17
VisualStudioVersion = 17.11.35222.181
MinimumVisualStudioVersion = 10.0.40219.1
Project("{F184B08F-C81C-45F6-A57F-5ABD9991F28F}") = "VBAutoRunRegistry", "VBAutoRunRegistry\VBAutoRunRegistry.vbproj", "{0B54A3FF-14AA-467B-9AE9-C35C13533055}"
EndProject
Global
	GlobalSection(SolutionConfigurationPlatforms) = preSolution
		Debug|Any CPU = Debug|Any CPU
		Release|Any CPU = Release|Any CPU
	EndGlobalSection
	GlobalSection(ProjectConfigurationPlatforms) = postSolution
		{0B54A3FF-14AA-467B-9AE9-C35C13533055}.Debug|Any CPU.ActiveCfg = Debug|Any CPU
		{0B54A3FF-14AA-467B-9AE9-C35C13533055}.Debug|Any CPU.Build.0 = Debug|Any CPU
		{0B54A3FF-14AA-467B-9AE9-C35C13533055}.Release|Any CPU.ActiveCfg = Release|Any CPU
		{0B54A3FF-14AA-467B-9AE9-C35C13533055}.Release|Any CPU.Build.0 = Release|Any CPU
	EndGlobalSection
	GlobalSection(SolutionProperties) = preSolution
		HideSolutionNode = FALSE
	EndGlobalSection
	GlobalSection(ExtensibilityGlobals) = postSolution
		SolutionGuid = {84A80562-BB57-435F-A5DE-7D14471987AD}
	EndGlobalSection
EndGlobal
